
Microsoft Visual Studio Solution File, Format Version 12.00
# Visual Studio Version 17
VisualStudioVersion = 17.8.34408.163
MinimumVisualStudioVersion = 10.0.40219.1
Project("{9A19103F-16F7-4668-BE54-9A1E7A4F7556}") = "AssCS", "AssCS\AssCS.csproj", "{258FD318-AA12-4BF0-8D20-04BCFB25ECA0}"
EndProject
Project("{2150E333-8FDC-42A3-9474-1A3956D46DE8}") = "Solution Items", "Solution Items", "{BFA4A4C6-5601-4B7F-B08F-2910AE72EFDF}"
	ProjectSection(SolutionItems) = preProject
		.editorconfig = .editorconfig
	EndProjectSection
EndProject
Project("{2150E333-8FDC-42A3-9474-1A3956D46DE8}") = "Tests", "Tests", "{5F2340F9-7C8A-4B1C-BB27-9322D27ED0B9}"
EndProject
Project("{9A19103F-16F7-4668-BE54-9A1E7A4F7556}") = "AssCS.Tests", "Tests\AssCS.Tests\AssCS.Tests.csproj", "{1AB09F9A-0993-4176-ACE4-664E4F703BCF}"
EndProject
Project("{FAE04EC0-301F-11D3-BF4B-00C04F79EFBC}") = "Holo", "Holo\Holo.csproj", "{0F1F696C-3D95-4A07-86CD-B0B671DC7B31}"
EndProject
Project("{FAE04EC0-301F-11D3-BF4B-00C04F79EFBC}") = "Holo.Tests", "Tests\Holo.Tests\Holo.Tests.csproj", "{5D0083F1-9F3E-47CA-917F-1E6BA5312A10}"
EndProject
Global
	GlobalSection(SolutionConfigurationPlatforms) = preSolution
		Debug|Any CPU = Debug|Any CPU
		Release|Any CPU = Release|Any CPU
	EndGlobalSection
	GlobalSection(ProjectConfigurationPlatforms) = postSolution
		{258FD318-AA12-4BF0-8D20-04BCFB25ECA0}.Debug|Any CPU.ActiveCfg = Debug|Any CPU
		{258FD318-AA12-4BF0-8D20-04BCFB25ECA0}.Debug|Any CPU.Build.0 = Debug|Any CPU
		{258FD318-AA12-4BF0-8D20-04BCFB25ECA0}.Release|Any CPU.ActiveCfg = Release|Any CPU
		{258FD318-AA12-4BF0-8D20-04BCFB25ECA0}.Release|Any CPU.Build.0 = Release|Any CPU
		{1AB09F9A-0993-4176-ACE4-664E4F703BCF}.Debug|Any CPU.ActiveCfg = Debug|Any CPU
		{1AB09F9A-0993-4176-ACE4-664E4F703BCF}.Debug|Any CPU.Build.0 = Debug|Any CPU
		{1AB09F9A-0993-4176-ACE4-664E4F703BCF}.Release|Any CPU.ActiveCfg = Release|Any CPU
		{1AB09F9A-0993-4176-ACE4-664E4F703BCF}.Release|Any CPU.Build.0 = Release|Any CPU
		{0F1F696C-3D95-4A07-86CD-B0B671DC7B31}.Debug|Any CPU.ActiveCfg = Debug|Any CPU
		{0F1F696C-3D95-4A07-86CD-B0B671DC7B31}.Debug|Any CPU.Build.0 = Debug|Any CPU
		{0F1F696C-3D95-4A07-86CD-B0B671DC7B31}.Release|Any CPU.ActiveCfg = Release|Any CPU
		{0F1F696C-3D95-4A07-86CD-B0B671DC7B31}.Release|Any CPU.Build.0 = Release|Any CPU
		{5D0083F1-9F3E-47CA-917F-1E6BA5312A10}.Debug|Any CPU.ActiveCfg = Debug|Any CPU
		{5D0083F1-9F3E-47CA-917F-1E6BA5312A10}.Debug|Any CPU.Build.0 = Debug|Any CPU
		{5D0083F1-9F3E-47CA-917F-1E6BA5312A10}.Release|Any CPU.ActiveCfg = Release|Any CPU
		{5D0083F1-9F3E-47CA-917F-1E6BA5312A10}.Release|Any CPU.Build.0 = Release|Any CPU
	EndGlobalSection
	GlobalSection(SolutionProperties) = preSolution
		HideSolutionNode = FALSE
	EndGlobalSection
	GlobalSection(NestedProjects) = preSolution
		{1AB09F9A-0993-4176-ACE4-664E4F703BCF} = {5F2340F9-7C8A-4B1C-BB27-9322D27ED0B9}
		{5D0083F1-9F3E-47CA-917F-1E6BA5312A10} = {5F2340F9-7C8A-4B1C-BB27-9322D27ED0B9}
	EndGlobalSection
	GlobalSection(ExtensibilityGlobals) = postSolution
		SolutionGuid = {F6997F49-6443-477D-A1DC-1EDF544AC392}
	EndGlobalSection
EndGlobal
