
Microsoft Visual Studio Solution File, Format Version 12.00
# Visual Studio Version 17
VisualStudioVersion = 17.8.34408.163
MinimumVisualStudioVersion = 10.0.40219.1
Project("{9A19103F-16F7-4668-BE54-9A1E7A4F7556}") = "AssCS", "AssCS\AssCS.csproj", "{258FD318-AA12-4BF0-8D20-04BCFB25ECA0}"
EndProject
Global
	GlobalSection(SolutionConfigurationPlatforms) = preSolution
		Debug|Any CPU = Debug|Any CPU
		Release|Any CPU = Release|Any CPU
	EndGlobalSection
	GlobalSection(ProjectConfigurationPlatforms) = postSolution
		{258FD318-AA12-4BF0-8D20-04BCFB25ECA0}.Debug|Any CPU.ActiveCfg = Debug|Any CPU
		{258FD318-AA12-4BF0-8D20-04BCFB25ECA0}.Debug|Any CPU.Build.0 = Debug|Any CPU
		{258FD318-AA12-4BF0-8D20-04BCFB25ECA0}.Release|Any CPU.ActiveCfg = Release|Any CPU
		{258FD318-AA12-4BF0-8D20-04BCFB25ECA0}.Release|Any CPU.Build.0 = Release|Any CPU
	EndGlobalSection
	GlobalSection(SolutionProperties) = preSolution
		HideSolutionNode = FALSE
	EndGlobalSection
	GlobalSection(ExtensibilityGlobals) = postSolution
		SolutionGuid = {F6997F49-6443-477D-A1DC-1EDF544AC392}
	EndGlobalSection
EndGlobal
